// !$*UTF8*$!
{
	archiveVersion = 1;
	classes = {
	};
	objectVersion = 56;
	objects = {

/* Begin PBXBuildFile section */
		1E2B10EA29815AD7000DDA98 /* AppDelegate.swift in Sources */ = {isa = PBXBuildFile; fileRef = 1E2B10E929815AD7000DDA98 /* AppDelegate.swift */; };
		1E2B10EC29815AD7000DDA98 /* SceneDelegate.swift in Sources */ = {isa = PBXBuildFile; fileRef = 1E2B10EB29815AD7000DDA98 /* SceneDelegate.swift */; };
		1E2B10EE29815AD7000DDA98 /* ViewController.swift in Sources */ = {isa = PBXBuildFile; fileRef = 1E2B10ED29815AD7000DDA98 /* ViewController.swift */; };
		1E2B10F129815AD7000DDA98 /* Main.storyboard in Resources */ = {isa = PBXBuildFile; fileRef = 1E2B10EF29815AD7000DDA98 /* Main.storyboard */; };
		1E2B10F329815AD9000DDA98 /* Assets.xcassets in Resources */ = {isa = PBXBuildFile; fileRef = 1E2B10F229815AD9000DDA98 /* Assets.xcassets */; };
		1E2B10F629815ADA000DDA98 /* LaunchScreen.storyboard in Resources */ = {isa = PBXBuildFile; fileRef = 1E2B10F429815ADA000DDA98 /* LaunchScreen.storyboard */; };
		1E2B110029815E8A000DDA98 /* ShimmerCollectionViewCell.swift in Sources */ = {isa = PBXBuildFile; fileRef = 1E2B10FF29815E8A000DDA98 /* ShimmerCollectionViewCell.swift */; };
		1E2B110229816522000DDA98 /* ShimmerCollectionViewData.swift in Sources */ = {isa = PBXBuildFile; fileRef = 1E2B110129816522000DDA98 /* ShimmerCollectionViewData.swift */; };
		1E2B1104298165A4000DDA98 /* ShimmerableView.swift in Sources */ = {isa = PBXBuildFile; fileRef = 1E2B1103298165A4000DDA98 /* ShimmerableView.swift */; };
/* End PBXBuildFile section */

/* Begin PBXFileReference section */
		1E2B10E629815AD7000DDA98 /* ShimmerDemo.app */ = {isa = PBXFileReference; explicitFileType = wrapper.application; includeInIndex = 0; path = ShimmerDemo.app; sourceTree = BUILT_PRODUCTS_DIR; };
		1E2B10E929815AD7000DDA98 /* AppDelegate.swift */ = {isa = PBXFileReference; lastKnownFileType = sourcecode.swift; path = AppDelegate.swift; sourceTree = "<group>"; };
		1E2B10EB29815AD7000DDA98 /* SceneDelegate.swift */ = {isa = PBXFileReference; lastKnownFileType = sourcecode.swift; path = SceneDelegate.swift; sourceTree = "<group>"; };
		1E2B10ED29815AD7000DDA98 /* ViewController.swift */ = {isa = PBXFileReference; lastKnownFileType = sourcecode.swift; path = ViewController.swift; sourceTree = "<group>"; };
		1E2B10F029815AD7000DDA98 /* Base */ = {isa = PBXFileReference; lastKnownFileType = file.storyboard; name = Base; path = Base.lproj/Main.storyboard; sourceTree = "<group>"; };
		1E2B10F229815AD9000DDA98 /* Assets.xcassets */ = {isa = PBXFileReference; lastKnownFileType = folder.assetcatalog; path = Assets.xcassets; sourceTree = "<group>"; };
		1E2B10F529815ADA000DDA98 /* Base */ = {isa = PBXFileReference; lastKnownFileType = file.storyboard; name = Base; path = Base.lproj/LaunchScreen.storyboard; sourceTree = "<group>"; };
		1E2B10F729815ADA000DDA98 /* Info.plist */ = {isa = PBXFileReference; lastKnownFileType = text.plist.xml; path = Info.plist; sourceTree = "<group>"; };
		1E2B10FF29815E8A000DDA98 /* ShimmerCollectionViewCell.swift */ = {isa = PBXFileReference; lastKnownFileType = sourcecode.swift; path = ShimmerCollectionViewCell.swift; sourceTree = "<group>"; };
		1E2B110129816522000DDA98 /* ShimmerCollectionViewData.swift */ = {isa = PBXFileReference; lastKnownFileType = sourcecode.swift; path = ShimmerCollectionViewData.swift; sourceTree = "<group>"; };
		1E2B1103298165A4000DDA98 /* ShimmerableView.swift */ = {isa = PBXFileReference; lastKnownFileType = sourcecode.swift; path = ShimmerableView.swift; sourceTree = "<group>"; };
/* End PBXFileReference section */

/* Begin PBXFrameworksBuildPhase section */
		1E2B10E329815AD7000DDA98 /* Frameworks */ = {
			isa = PBXFrameworksBuildPhase;
			buildActionMask = 2147483647;
			files = (
			);
			runOnlyForDeploymentPostprocessing = 0;
		};
/* End PBXFrameworksBuildPhase section */

/* Begin PBXGroup section */
		1E2B10DD29815AD7000DDA98 = {
			isa = PBXGroup;
			children = (
				1E2B10E829815AD7000DDA98 /* ShimmerDemo */,
				1E2B10E729815AD7000DDA98 /* Products */,
			);
			sourceTree = "<group>";
		};
		1E2B10E729815AD7000DDA98 /* Products */ = {
			isa = PBXGroup;
			children = (
				1E2B10E629815AD7000DDA98 /* ShimmerDemo.app */,
			);
			name = Products;
			sourceTree = "<group>";
		};
		1E2B10E829815AD7000DDA98 /* ShimmerDemo */ = {
			isa = PBXGroup;
			children = (
				1E2B10E929815AD7000DDA98 /* AppDelegate.swift */,
				1E2B10EB29815AD7000DDA98 /* SceneDelegate.swift */,
				1E2B110129816522000DDA98 /* ShimmerCollectionViewData.swift */,
				1E2B10ED29815AD7000DDA98 /* ViewController.swift */,
				1E2B10FF29815E8A000DDA98 /* ShimmerCollectionViewCell.swift */,
				1E2B1103298165A4000DDA98 /* ShimmerableView.swift */,
				1E2B10EF29815AD7000DDA98 /* Main.storyboard */,
				1E2B10F229815AD9000DDA98 /* Assets.xcassets */,
				1E2B10F429815ADA000DDA98 /* LaunchScreen.storyboard */,
				1E2B10F729815ADA000DDA98 /* Info.plist */,
			);
			path = ShimmerDemo;
			sourceTree = "<group>";
		};
/* End PBXGroup section */

/* Begin PBXNativeTarget section */
		1E2B10E529815AD7000DDA98 /* ShimmerDemo */ = {
			isa = PBXNativeTarget;
			buildConfigurationList = 1E2B10FA29815ADA000DDA98 /* Build configuration list for PBXNativeTarget "ShimmerDemo" */;
			buildPhases = (
				1E2B10E229815AD7000DDA98 /* Sources */,
				1E2B10E329815AD7000DDA98 /* Frameworks */,
				1E2B10E429815AD7000DDA98 /* Resources */,
			);
			buildRules = (
			);
			dependencies = (
			);
			name = ShimmerDemo;
			productName = ShimmerDemo;
			productReference = 1E2B10E629815AD7000DDA98 /* ShimmerDemo.app */;
			productType = "com.apple.product-type.application";
		};
/* End PBXNativeTarget section */

/* Begin PBXProject section */
		1E2B10DE29815AD7000DDA98 /* Project object */ = {
			isa = PBXProject;
			attributes = {
				BuildIndependentTargetsInParallel = 1;
				LastSwiftUpdateCheck = 1420;
				LastUpgradeCheck = 1420;
				TargetAttributes = {
					1E2B10E529815AD7000DDA98 = {
						CreatedOnToolsVersion = 14.2;
					};
				};
			};
			buildConfigurationList = 1E2B10E129815AD7000DDA98 /* Build configuration list for PBXProject "ShimmerDemo" */;
			compatibilityVersion = "Xcode 14.0";
			developmentRegion = en;
			hasScannedForEncodings = 0;
			knownRegions = (
				en,
				Base,
			);
			mainGroup = 1E2B10DD29815AD7000DDA98;
			productRefGroup = 1E2B10E729815AD7000DDA98 /* Products */;
			projectDirPath = "";
			projectRoot = "";
			targets = (
				1E2B10E529815AD7000DDA98 /* ShimmerDemo */,
			);
		};
/* End PBXProject section */

/* Begin PBXResourcesBuildPhase section */
		1E2B10E429815AD7000DDA98 /* Resources */ = {
			isa = PBXResourcesBuildPhase;
			buildActionMask = 2147483647;
			files = (
				1E2B10F629815ADA000DDA98 /* LaunchScreen.storyboard in Resources */,
				1E2B10F329815AD9000DDA98 /* Assets.xcassets in Resources */,
				1E2B10F129815AD7000DDA98 /* Main.storyboard in Resources */,
			);
			runOnlyForDeploymentPostprocessing = 0;
		};
/* End PBXResourcesBuildPhase section */

/* Begin PBXSourcesBuildPhase section */
		1E2B10E229815AD7000DDA98 /* Sources */ = {
			isa = PBXSourcesBuildPhase;
			buildActionMask = 2147483647;
			files = (
				1E2B110229816522000DDA98 /* ShimmerCollectionViewData.swift in Sources */,
				1E2B10EE29815AD7000DDA98 /* ViewController.swift in Sources */,
				1E2B10EA29815AD7000DDA98 /* AppDelegate.swift in Sources */,
				1E2B110029815E8A000DDA98 /* ShimmerCollectionViewCell.swift in Sources */,
				1E2B1104298165A4000DDA98 /* ShimmerableView.swift in Sources */,
				1E2B10EC29815AD7000DDA98 /* SceneDelegate.swift in Sources */,
			);
			runOnlyForDeploymentPostprocessing = 0;
		};
/* End PBXSourcesBuildPhase section */

/* Begin PBXVariantGroup section */
		1E2B10EF29815AD7000DDA98 /* Main.storyboard */ = {
			isa = PBXVariantGroup;
			children = (
				1E2B10F029815AD7000DDA98 /* Base */,
			);
			name = Main.storyboard;
			sourceTree = "<group>";
		};
		1E2B10F429815ADA000DDA98 /* LaunchScreen.storyboard */ = {
			isa = PBXVariantGroup;
			children = (
				1E2B10F529815ADA000DDA98 /* Base */,
			);
			name = LaunchScreen.storyboard;
			sourceTree = "<group>";
		};
/* End PBXVariantGroup section */

/* Begin XCBuildConfiguration section */
		1E2B10F829815ADA000DDA98 /* Debug */ = {
			isa = XCBuildConfiguration;
			buildSettings = {
				ALWAYS_SEARCH_USER_PATHS = NO;
				CLANG_ANALYZER_NONNULL = YES;
				CLANG_ANALYZER_NUMBER_OBJECT_CONVERSION = YES_AGGRESSIVE;
				CLANG_CXX_LANGUAGE_STANDARD = "gnu++20";
				CLANG_ENABLE_MODULES = YES;
				CLANG_ENABLE_OBJC_ARC = YES;
				CLANG_ENABLE_OBJC_WEAK = YES;
				CLANG_WARN_BLOCK_CAPTURE_AUTORELEASING = YES;
				CLANG_WARN_BOOL_CONVERSION = YES;
				CLANG_WARN_COMMA = YES;
				CLANG_WARN_CONSTANT_CONVERSION = YES;
				CLANG_WARN_DEPRECATED_OBJC_IMPLEMENTATIONS = YES;
				CLANG_WARN_DIRECT_OBJC_ISA_USAGE = YES_ERROR;
				CLANG_WARN_DOCUMENTATION_COMMENTS = YES;
				CLANG_WARN_EMPTY_BODY = YES;
				CLANG_WARN_ENUM_CONVERSION = YES;
				CLANG_WARN_INFINITE_RECURSION = YES;
				CLANG_WARN_INT_CONVERSION = YES;
				CLANG_WARN_NON_LITERAL_NULL_CONVERSION = YES;
				CLANG_WARN_OBJC_IMPLICIT_RETAIN_SELF = YES;
				CLANG_WARN_OBJC_LITERAL_CONVERSION = YES;
				CLANG_WARN_OBJC_ROOT_CLASS = YES_ERROR;
				CLANG_WARN_QUOTED_INCLUDE_IN_FRAMEWORK_HEADER = YES;
				CLANG_WARN_RANGE_LOOP_ANALYSIS = YES;
				CLANG_WARN_STRICT_PROTOTYPES = YES;
				CLANG_WARN_SUSPICIOUS_MOVE = YES;
				CLANG_WARN_UNGUARDED_AVAILABILITY = YES_AGGRESSIVE;
				CLANG_WARN_UNREACHABLE_CODE = YES;
				CLANG_WARN__DUPLICATE_METHOD_MATCH = YES;
				COPY_PHASE_STRIP = NO;
				DEBUG_INFORMATION_FORMAT = dwarf;
				ENABLE_STRICT_OBJC_MSGSEND = YES;
				ENABLE_TESTABILITY = YES;
				GCC_C_LANGUAGE_STANDARD = gnu11;
				GCC_DYNAMIC_NO_PIC = NO;
				GCC_NO_COMMON_BLOCKS = YES;
				GCC_OPTIMIZATION_LEVEL = 0;
				GCC_PREPROCESSOR_DEFINITIONS = (
					"DEBUG=1",
					"$(inherited)",
				);
				GCC_WARN_64_TO_32_BIT_CONVERSION = YES;
				GCC_WARN_ABOUT_RETURN_TYPE = YES_ERROR;
				GCC_WARN_UNDECLARED_SELECTOR = YES;
				GCC_WARN_UNINITIALIZED_AUTOS = YES_AGGRESSIVE;
				GCC_WARN_UNUSED_FUNCTION = YES;
				GCC_WARN_UNUSED_VARIABLE = YES;
				IPHONEOS_DEPLOYMENT_TARGET = 16.2;
				MTL_ENABLE_DEBUG_INFO = INCLUDE_SOURCE;
				MTL_FAST_MATH = YES;
				ONLY_ACTIVE_ARCH = YES;
				SDKROOT = iphoneos;
				SWIFT_ACTIVE_COMPILATION_CONDITIONS = DEBUG;
				SWIFT_OPTIMIZATION_LEVEL = "-Onone";
			};
			name = Debug;
		};
		1E2B10F929815ADA000DDA98 /* Release */ = {
			isa = XCBuildConfiguration;
			buildSettings = {
				ALWAYS_SEARCH_USER_PATHS = NO;
				CLANG_ANALYZER_NONNULL = YES;
				CLANG_ANALYZER_NUMBER_OBJECT_CONVERSION = YES_AGGRESSIVE;
				CLANG_CXX_LANGUAGE_STANDARD = "gnu++20";
				CLANG_ENABLE_MODULES = YES;
				CLANG_ENABLE_OBJC_ARC = YES;
				CLANG_ENABLE_OBJC_WEAK = YES;
				CLANG_WARN_BLOCK_CAPTURE_AUTORELEASING = YES;
				CLANG_WARN_BOOL_CONVERSION = YES;
				CLANG_WARN_COMMA = YES;
				CLANG_WARN_CONSTANT_CONVERSION = YES;
				CLANG_WARN_DEPRECATED_OBJC_IMPLEMENTATIONS = YES;
				CLANG_WARN_DIRECT_OBJC_ISA_USAGE = YES_ERROR;
				CLANG_WARN_DOCUMENTATION_COMMENTS = YES;
				CLANG_WARN_EMPTY_BODY = YES;
				CLANG_WARN_ENUM_CONVERSION = YES;
				CLANG_WARN_INFINITE_RECURSION = YES;
				CLANG_WARN_INT_CONVERSION = YES;
				CLANG_WARN_NON_LITERAL_NULL_CONVERSION = YES;
				CLANG_WARN_OBJC_IMPLICIT_RETAIN_SELF = YES;
				CLANG_WARN_OBJC_LITERAL_CONVERSION = YES;
				CLANG_WARN_OBJC_ROOT_CLASS = YES_ERROR;
				CLANG_WARN_QUOTED_INCLUDE_IN_FRAMEWORK_HEADER = YES;
				CLANG_WARN_RANGE_LOOP_ANALYSIS = YES;
				CLANG_WARN_STRICT_PROTOTYPES = YES;
				CLANG_WARN_SUSPICIOUS_MOVE = YES;
				CLANG_WARN_UNGUARDED_AVAILABILITY = YES_AGGRESSIVE;
				CLANG_WARN_UNREACHABLE_CODE = YES;
				CLANG_WARN__DUPLICATE_METHOD_MATCH = YES;
				COPY_PHASE_STRIP = NO;
				DEBUG_INFORMATION_FORMAT = "dwarf-with-dsym";
				ENABLE_NS_ASSERTIONS = NO;
				ENABLE_STRICT_OBJC_MSGSEND = YES;
				GCC_C_LANGUAGE_STANDARD = gnu11;
				GCC_NO_COMMON_BLOCKS = YES;
				GCC_WARN_64_TO_32_BIT_CONVERSION = YES;
				GCC_WARN_ABOUT_RETURN_TYPE = YES_ERROR;
				GCC_WARN_UNDECLARED_SELECTOR = YES;
				GCC_WARN_UNINITIALIZED_AUTOS = YES_AGGRESSIVE;
				GCC_WARN_UNUSED_FUNCTION = YES;
				GCC_WARN_UNUSED_VARIABLE = YES;
				IPHONEOS_DEPLOYMENT_TARGET = 16.2;
				MTL_ENABLE_DEBUG_INFO = NO;
				MTL_FAST_MATH = YES;
				SDKROOT = iphoneos;
				SWIFT_COMPILATION_MODE = wholemodule;
				SWIFT_OPTIMIZATION_LEVEL = "-O";
				VALIDATE_PRODUCT = YES;
			};
			name = Release;
		};
		1E2B10FB29815ADA000DDA98 /* Debug */ = {
			isa = XCBuildConfiguration;
			buildSettings = {
				ASSETCATALOG_COMPILER_APPICON_NAME = AppIcon;
				ASSETCATALOG_COMPILER_GLOBAL_ACCENT_COLOR_NAME = AccentColor;
				CODE_SIGN_STYLE = Automatic;
				CURRENT_PROJECT_VERSION = 1;
				DEVELOPMENT_TEAM = 5N4LHF5GU6;
				GENERATE_INFOPLIST_FILE = YES;
				INFOPLIST_FILE = ShimmerDemo/Info.plist;
				INFOPLIST_KEY_UIApplicationSupportsIndirectInputEvents = YES;
				INFOPLIST_KEY_UILaunchStoryboardName = LaunchScreen;
				INFOPLIST_KEY_UIMainStoryboardFile = Main;
				INFOPLIST_KEY_UISupportedInterfaceOrientations = UIInterfaceOrientationPortrait;
				INFOPLIST_KEY_UISupportedInterfaceOrientations_iPad = "UIInterfaceOrientationLandscapeLeft UIInterfaceOrientationLandscapeRight UIInterfaceOrientationPortrait UIInterfaceOrientationPortraitUpsideDown";
				IPHONEOS_DEPLOYMENT_TARGET = 13.0;
				LD_RUNPATH_SEARCH_PATHS = (
					"$(inherited)",
					"@executable_path/Frameworks",
				);
				MARKETING_VERSION = 1.0;
				PRODUCT_BUNDLE_IDENTIFIER = ashbadak.ShimmerDemo;
				PRODUCT_NAME = "$(TARGET_NAME)";
				SUPPORTED_PLATFORMS = "iphoneos iphonesimulator";
				SUPPORTS_MACCATALYST = NO;
				SUPPORTS_MAC_DESIGNED_FOR_IPHONE_IPAD = NO;
				SWIFT_EMIT_LOC_STRINGS = YES;
				SWIFT_VERSION = 5.0;
				TARGETED_DEVICE_FAMILY = 1;
			};
			name = Debug;
		};
		1E2B10FC29815ADA000DDA98 /* Release */ = {
			isa = XCBuildConfiguration;
			buildSettings = {
				ASSETCATALOG_COMPILER_APPICON_NAME = AppIcon;
				ASSETCATALOG_COMPILER_GLOBAL_ACCENT_COLOR_NAME = AccentColor;
				CODE_SIGN_STYLE = Automatic;
				CURRENT_PROJECT_VERSION = 1;
				DEVELOPMENT_TEAM = 5N4LHF5GU6;
				GENERATE_INFOPLIST_FILE = YES;
				INFOPLIST_FILE = ShimmerDemo/Info.plist;
				INFOPLIST_KEY_UIApplicationSupportsIndirectInputEvents = YES;
				INFOPLIST_KEY_UILaunchStoryboardName = LaunchScreen;
				INFOPLIST_KEY_UIMainStoryboardFile = Main;
				INFOPLIST_KEY_UISupportedInterfaceOrientations = UIInterfaceOrientationPortrait;
				INFOPLIST_KEY_UISupportedInterfaceOrientations_iPad = "UIInterfaceOrientationLandscapeLeft UIInterfaceOrientationLandscapeRight UIInterfaceOrientationPortrait UIInterfaceOrientationPortraitUpsideDown";
				IPHONEOS_DEPLOYMENT_TARGET = 13.0;
				LD_RUNPATH_SEARCH_PATHS = (
					"$(inherited)",
					"@executable_path/Frameworks",
				);
				MARKETING_VERSION = 1.0;
				PRODUCT_BUNDLE_IDENTIFIER = ashbadak.ShimmerDemo;
				PRODUCT_NAME = "$(TARGET_NAME)";
				SUPPORTED_PLATFORMS = "iphoneos iphonesimulator";
				SUPPORTS_MACCATALYST = NO;
				SUPPORTS_MAC_DESIGNED_FOR_IPHONE_IPAD = NO;
				SWIFT_EMIT_LOC_STRINGS = YES;
				SWIFT_VERSION = 5.0;
				TARGETED_DEVICE_FAMILY = 1;
			};
			name = Release;
		};
/* End XCBuildConfiguration section */

/* Begin XCConfigurationList section */
		1E2B10E129815AD7000DDA98 /* Build configuration list for PBXProject "ShimmerDemo" */ = {
			isa = XCConfigurationList;
			buildConfigurations = (
				1E2B10F829815ADA000DDA98 /* Debug */,
				1E2B10F929815ADA000DDA98 /* Release */,
			);
			defaultConfigurationIsVisible = 0;
			defaultConfigurationName = Release;
		};
		1E2B10FA29815ADA000DDA98 /* Build configuration list for PBXNativeTarget "ShimmerDemo" */ = {
			isa = XCConfigurationList;
			buildConfigurations = (
				1E2B10FB29815ADA000DDA98 /* Debug */,
				1E2B10FC29815ADA000DDA98 /* Release */,
			);
			defaultConfigurationIsVisible = 0;
			defaultConfigurationName = Release;
		};
/* End XCConfigurationList section */
	};
	rootObject = 1E2B10DE29815AD7000DDA98 /* Project object */;
}
